
Microsoft Visual Studio Solution File, Format Version 12.00
# Visual Studio Version 16
VisualStudioVersion = 16.0.33801.447
MinimumVisualStudioVersion = 10.0.40219.1
Project("{FAE04EC0-301F-11D3-BF4B-00C04F79EFBC}") = "HarbirBookStore", "HarbirBookStore\HarbirBookStore.csproj", "{B8BF4CCD-CD5D-4DCE-BA92-CDD5E66DAE10}"
EndProject
Global
	GlobalSection(SolutionConfigurationPlatforms) = preSolution
		Debug|Any CPU = Debug|Any CPU
		Release|Any CPU = Release|Any CPU
	EndGlobalSection
	GlobalSection(ProjectConfigurationPlatforms) = postSolution
		{B8BF4CCD-CD5D-4DCE-BA92-CDD5E66DAE10}.Debug|Any CPU.ActiveCfg = Debug|Any CPU
		{B8BF4CCD-CD5D-4DCE-BA92-CDD5E66DAE10}.Debug|Any CPU.Build.0 = Debug|Any CPU
		{B8BF4CCD-CD5D-4DCE-BA92-CDD5E66DAE10}.Release|Any CPU.ActiveCfg = Release|Any CPU
		{B8BF4CCD-CD5D-4DCE-BA92-CDD5E66DAE10}.Release|Any CPU.Build.0 = Release|Any CPU
	EndGlobalSection
	GlobalSection(SolutionProperties) = preSolution
		HideSolutionNode = FALSE
	EndGlobalSection
	GlobalSection(ExtensibilityGlobals) = postSolution
		SolutionGuid = {239AA981-118B-47EC-B4AB-D9198B26F8D4}
	EndGlobalSection
EndGlobal
